Microsoft Visual Studio Solution File, Format Version 12.00
# Visual Studio 2012
Project("{FAE04EC0-301F-11D3-BF4B-00C04F79EFBC}") = "AlleyCat", "AlleyCat.csproj", "{553FDF29-DE90-461E-993A-779ACB9C504E}"
EndProject
Global
	GlobalSection(SolutionConfigurationPlatforms) = preSolution
	Debug|Any CPU = Debug|Any CPU
	Release|Any CPU = Release|Any CPU
	Tools|Any CPU = Tools|Any CPU
	EndGlobalSection
	GlobalSection(ProjectConfigurationPlatforms) = postSolution
		{553FDF29-DE90-461E-993A-779ACB9C504E}.Debug|Any CPU.ActiveCfg = Debug|Any CPU
		{553FDF29-DE90-461E-993A-779ACB9C504E}.Debug|Any CPU.Build.0 = Debug|Any CPU
		{553FDF29-DE90-461E-993A-779ACB9C504E}.Release|Any CPU.ActiveCfg = Release|Any CPU
		{553FDF29-DE90-461E-993A-779ACB9C504E}.Release|Any CPU.Build.0 = Release|Any CPU
		{553FDF29-DE90-461E-993A-779ACB9C504E}.Tools|Any CPU.ActiveCfg = Tools|Any CPU
		{553FDF29-DE90-461E-993A-779ACB9C504E}.Tools|Any CPU.Build.0 = Tools|Any CPU
	EndGlobalSection
EndGlobal
